
Microsoft Visual Studio Solution File, Format Version 12.00
# Visual Studio 15
VisualStudioVersion = 15.0.26430.16
MinimumVisualStudioVersion = 10.0.40219.1
Project("{9A19103F-16F7-4668-BE54-9A1E7A4F7556}") = "Hello.Core", "Hello.Core\Hello.Core.csproj", "{954203EC-D6F9-4B45-9CF6-3E1EC3183A3B}"
EndProject
Project("{FAE04EC0-301F-11D3-BF4B-00C04F79EFBC}") = "Hello", "Hello\Hello.csproj", "{8CFD115F-624E-4531-92B8-9B98C9621218}"
EndProject
Project("{FAE04EC0-301F-11D3-BF4B-00C04F79EFBC}") = "Synoptic.CommandAction", "Synoptic.CommandAction\Synoptic.CommandAction.csproj", "{F72D4E2D-EDC7-4FC3-8FA5-44BA92984785}"
EndProject
Project("{FAE04EC0-301F-11D3-BF4B-00C04F79EFBC}") = "Synoptic.CommandAction.Tests", "Synoptic.CommandAction.Tests\Synoptic.CommandAction.Tests.csproj", "{D41CEB93-9A2C-45A6-8B48-DA50FEC8E5AA}"
EndProject
Project("{FAE04EC0-301F-11D3-BF4B-00C04F79EFBC}") = "Command.Common", "Command.Common\Command.Common.csproj", "{F41BEAAD-9AE2-4ECA-A290-2CB989118860}"
EndProject
Project("{2150E333-8FDC-42A3-9474-1A3956D46DE8}") = "Commands", "Commands", "{4E1F5A68-D8B5-4F28-99FB-E3D2DBE8C139}"
EndProject
Project("{FAE04EC0-301F-11D3-BF4B-00C04F79EFBC}") = "Programs.Repository", "Programs.Repository\Programs.Repository.csproj", "{6B9E93C7-F65F-4000-84EB-369B58367F91}"
EndProject
Project("{FAE04EC0-301F-11D3-BF4B-00C04F79EFBC}") = "ProgramsCommand", "ProgramsCommand\ProgramsCommand.csproj", "{BA84D611-1390-4D4A-8C2D-5544DEDA9B59}"
EndProject
Project("{FAE04EC0-301F-11D3-BF4B-00C04F79EFBC}") = "ProgramsCommand.Tests", "ProgramsCommand.Tests\ProgramsCommand.Tests.csproj", "{2B79BB35-2017-43FB-AB86-13A7BD527E17}"
EndProject
Project("{FAE04EC0-301F-11D3-BF4B-00C04F79EFBC}") = "Command.MEF.Contracts", "Command.MEF.Contracts\Command.MEF.Contracts.csproj", "{E84B7EDB-1FDE-408E-B6A1-06F89D76DD9C}"
EndProject
Project("{FAE04EC0-301F-11D3-BF4B-00C04F79EFBC}") = "Command.MEF.Common", "Command.MEF.Common\Command.MEF.Common.csproj", "{7F01F315-8F23-4335-97A0-070808C36A9D}"
EndProject
Project("{FAE04EC0-301F-11D3-BF4B-00C04F79EFBC}") = "Programs.Models", "Programs.Models\Programs.Models.csproj", "{138614E4-00B1-4186-85FE-218A687770FA}"
EndProject
Project("{FAE04EC0-301F-11D3-BF4B-00C04F79EFBC}") = "Command.POC.Callbacks", "Command.POC.Callbacks\Command.POC.Callbacks.csproj", "{43480BC8-C2E7-4985-8D09-02042BFFD457}"
EndProject
Project("{FAE04EC0-301F-11D3-BF4B-00C04F79EFBC}") = "Hello.Sample", "Hello.Sample\Hello.Sample.csproj", "{FEEE6F3C-E5C2-4259-AAEA-843EB276EA38}"
EndProject
Global
	GlobalSection(SolutionConfigurationPlatforms) = preSolution
		Debug|Any CPU = Debug|Any CPU
		Debug|x64 = Debug|x64
		Debug|x86 = Debug|x86
		Release|Any CPU = Release|Any CPU
		Release|x64 = Release|x64
		Release|x86 = Release|x86
	EndGlobalSection
	GlobalSection(ProjectConfigurationPlatforms) = postSolution
		{954203EC-D6F9-4B45-9CF6-3E1EC3183A3B}.Debug|Any CPU.ActiveCfg = Debug|Any CPU
		{954203EC-D6F9-4B45-9CF6-3E1EC3183A3B}.Debug|Any CPU.Build.0 = Debug|Any CPU
		{954203EC-D6F9-4B45-9CF6-3E1EC3183A3B}.Debug|x64.ActiveCfg = Debug|Any CPU
		{954203EC-D6F9-4B45-9CF6-3E1EC3183A3B}.Debug|x64.Build.0 = Debug|Any CPU
		{954203EC-D6F9-4B45-9CF6-3E1EC3183A3B}.Debug|x86.ActiveCfg = Debug|Any CPU
		{954203EC-D6F9-4B45-9CF6-3E1EC3183A3B}.Debug|x86.Build.0 = Debug|Any CPU
		{954203EC-D6F9-4B45-9CF6-3E1EC3183A3B}.Release|Any CPU.ActiveCfg = Release|Any CPU
		{954203EC-D6F9-4B45-9CF6-3E1EC3183A3B}.Release|Any CPU.Build.0 = Release|Any CPU
		{954203EC-D6F9-4B45-9CF6-3E1EC3183A3B}.Release|x64.ActiveCfg = Release|Any CPU
		{954203EC-D6F9-4B45-9CF6-3E1EC3183A3B}.Release|x64.Build.0 = Release|Any CPU
		{954203EC-D6F9-4B45-9CF6-3E1EC3183A3B}.Release|x86.ActiveCfg = Release|Any CPU
		{954203EC-D6F9-4B45-9CF6-3E1EC3183A3B}.Release|x86.Build.0 = Release|Any CPU
		{8CFD115F-624E-4531-92B8-9B98C9621218}.Debug|Any CPU.ActiveCfg = Debug|Any CPU
		{8CFD115F-624E-4531-92B8-9B98C9621218}.Debug|Any CPU.Build.0 = Debug|Any CPU
		{8CFD115F-624E-4531-92B8-9B98C9621218}.Debug|x64.ActiveCfg = Debug|Any CPU
		{8CFD115F-624E-4531-92B8-9B98C9621218}.Debug|x64.Build.0 = Debug|Any CPU
		{8CFD115F-624E-4531-92B8-9B98C9621218}.Debug|x86.ActiveCfg = Debug|Any CPU
		{8CFD115F-624E-4531-92B8-9B98C9621218}.Debug|x86.Build.0 = Debug|Any CPU
		{8CFD115F-624E-4531-92B8-9B98C9621218}.Release|Any CPU.ActiveCfg = Release|Any CPU
		{8CFD115F-624E-4531-92B8-9B98C9621218}.Release|Any CPU.Build.0 = Release|Any CPU
		{8CFD115F-624E-4531-92B8-9B98C9621218}.Release|x64.ActiveCfg = Release|Any CPU
		{8CFD115F-624E-4531-92B8-9B98C9621218}.Release|x64.Build.0 = Release|Any CPU
		{8CFD115F-624E-4531-92B8-9B98C9621218}.Release|x86.ActiveCfg = Release|Any CPU
		{8CFD115F-624E-4531-92B8-9B98C9621218}.Release|x86.Build.0 = Release|Any CPU
		{F72D4E2D-EDC7-4FC3-8FA5-44BA92984785}.Debug|Any CPU.ActiveCfg = Debug|Any CPU
		{F72D4E2D-EDC7-4FC3-8FA5-44BA92984785}.Debug|Any CPU.Build.0 = Debug|Any CPU
		{F72D4E2D-EDC7-4FC3-8FA5-44BA92984785}.Debug|x64.ActiveCfg = Debug|Any CPU
		{F72D4E2D-EDC7-4FC3-8FA5-44BA92984785}.Debug|x64.Build.0 = Debug|Any CPU
		{F72D4E2D-EDC7-4FC3-8FA5-44BA92984785}.Debug|x86.ActiveCfg = Debug|Any CPU
		{F72D4E2D-EDC7-4FC3-8FA5-44BA92984785}.Debug|x86.Build.0 = Debug|Any CPU
		{F72D4E2D-EDC7-4FC3-8FA5-44BA92984785}.Release|Any CPU.ActiveCfg = Release|Any CPU
		{F72D4E2D-EDC7-4FC3-8FA5-44BA92984785}.Release|Any CPU.Build.0 = Release|Any CPU
		{F72D4E2D-EDC7-4FC3-8FA5-44BA92984785}.Release|x64.ActiveCfg = Release|Any CPU
		{F72D4E2D-EDC7-4FC3-8FA5-44BA92984785}.Release|x64.Build.0 = Release|Any CPU
		{F72D4E2D-EDC7-4FC3-8FA5-44BA92984785}.Release|x86.ActiveCfg = Release|Any CPU
		{F72D4E2D-EDC7-4FC3-8FA5-44BA92984785}.Release|x86.Build.0 = Release|Any CPU
		{D41CEB93-9A2C-45A6-8B48-DA50FEC8E5AA}.Debug|Any CPU.ActiveCfg = Debug|Any CPU
		{D41CEB93-9A2C-45A6-8B48-DA50FEC8E5AA}.Debug|Any CPU.Build.0 = Debug|Any CPU
		{D41CEB93-9A2C-45A6-8B48-DA50FEC8E5AA}.Debug|x64.ActiveCfg = Debug|Any CPU
		{D41CEB93-9A2C-45A6-8B48-DA50FEC8E5AA}.Debug|x64.Build.0 = Debug|Any CPU
		{D41CEB93-9A2C-45A6-8B48-DA50FEC8E5AA}.Debug|x86.ActiveCfg = Debug|Any CPU
		{D41CEB93-9A2C-45A6-8B48-DA50FEC8E5AA}.Debug|x86.Build.0 = Debug|Any CPU
		{D41CEB93-9A2C-45A6-8B48-DA50FEC8E5AA}.Release|Any CPU.ActiveCfg = Release|Any CPU
		{D41CEB93-9A2C-45A6-8B48-DA50FEC8E5AA}.Release|Any CPU.Build.0 = Release|Any CPU
		{D41CEB93-9A2C-45A6-8B48-DA50FEC8E5AA}.Release|x64.ActiveCfg = Release|Any CPU
		{D41CEB93-9A2C-45A6-8B48-DA50FEC8E5AA}.Release|x64.Build.0 = Release|Any CPU
		{D41CEB93-9A2C-45A6-8B48-DA50FEC8E5AA}.Release|x86.ActiveCfg = Release|Any CPU
		{D41CEB93-9A2C-45A6-8B48-DA50FEC8E5AA}.Release|x86.Build.0 = Release|Any CPU
		{F41BEAAD-9AE2-4ECA-A290-2CB989118860}.Debug|Any CPU.ActiveCfg = Debug|Any CPU
		{F41BEAAD-9AE2-4ECA-A290-2CB989118860}.Debug|Any CPU.Build.0 = Debug|Any CPU
		{F41BEAAD-9AE2-4ECA-A290-2CB989118860}.Debug|x64.ActiveCfg = Debug|Any CPU
		{F41BEAAD-9AE2-4ECA-A290-2CB989118860}.Debug|x64.Build.0 = Debug|Any CPU
		{F41BEAAD-9AE2-4ECA-A290-2CB989118860}.Debug|x86.ActiveCfg = Debug|Any CPU
		{F41BEAAD-9AE2-4ECA-A290-2CB989118860}.Debug|x86.Build.0 = Debug|Any CPU
		{F41BEAAD-9AE2-4ECA-A290-2CB989118860}.Release|Any CPU.ActiveCfg = Release|Any CPU
		{F41BEAAD-9AE2-4ECA-A290-2CB989118860}.Release|Any CPU.Build.0 = Release|Any CPU
		{F41BEAAD-9AE2-4ECA-A290-2CB989118860}.Release|x64.ActiveCfg = Release|Any CPU
		{F41BEAAD-9AE2-4ECA-A290-2CB989118860}.Release|x64.Build.0 = Release|Any CPU
		{F41BEAAD-9AE2-4ECA-A290-2CB989118860}.Release|x86.ActiveCfg = Release|Any CPU
		{F41BEAAD-9AE2-4ECA-A290-2CB989118860}.Release|x86.Build.0 = Release|Any CPU
		{6B9E93C7-F65F-4000-84EB-369B58367F91}.Debug|Any CPU.ActiveCfg = Debug|Any CPU
		{6B9E93C7-F65F-4000-84EB-369B58367F91}.Debug|Any CPU.Build.0 = Debug|Any CPU
		{6B9E93C7-F65F-4000-84EB-369B58367F91}.Debug|x64.ActiveCfg = Debug|Any CPU
		{6B9E93C7-F65F-4000-84EB-369B58367F91}.Debug|x64.Build.0 = Debug|Any CPU
		{6B9E93C7-F65F-4000-84EB-369B58367F91}.Debug|x86.ActiveCfg = Debug|Any CPU
		{6B9E93C7-F65F-4000-84EB-369B58367F91}.Debug|x86.Build.0 = Debug|Any CPU
		{6B9E93C7-F65F-4000-84EB-369B58367F91}.Release|Any CPU.ActiveCfg = Release|Any CPU
		{6B9E93C7-F65F-4000-84EB-369B58367F91}.Release|Any CPU.Build.0 = Release|Any CPU
		{6B9E93C7-F65F-4000-84EB-369B58367F91}.Release|x64.ActiveCfg = Release|Any CPU
		{6B9E93C7-F65F-4000-84EB-369B58367F91}.Release|x64.Build.0 = Release|Any CPU
		{6B9E93C7-F65F-4000-84EB-369B58367F91}.Release|x86.ActiveCfg = Release|Any CPU
		{6B9E93C7-F65F-4000-84EB-369B58367F91}.Release|x86.Build.0 = Release|Any CPU
		{BA84D611-1390-4D4A-8C2D-5544DEDA9B59}.Debug|Any CPU.ActiveCfg = Debug|Any CPU
		{BA84D611-1390-4D4A-8C2D-5544DEDA9B59}.Debug|Any CPU.Build.0 = Debug|Any CPU
		{BA84D611-1390-4D4A-8C2D-5544DEDA9B59}.Debug|x64.ActiveCfg = Debug|Any CPU
		{BA84D611-1390-4D4A-8C2D-5544DEDA9B59}.Debug|x64.Build.0 = Debug|Any CPU
		{BA84D611-1390-4D4A-8C2D-5544DEDA9B59}.Debug|x86.ActiveCfg = Debug|Any CPU
		{BA84D611-1390-4D4A-8C2D-5544DEDA9B59}.Debug|x86.Build.0 = Debug|Any CPU
		{BA84D611-1390-4D4A-8C2D-5544DEDA9B59}.Release|Any CPU.ActiveCfg = Release|Any CPU
		{BA84D611-1390-4D4A-8C2D-5544DEDA9B59}.Release|Any CPU.Build.0 = Release|Any CPU
		{BA84D611-1390-4D4A-8C2D-5544DEDA9B59}.Release|x64.ActiveCfg = Release|Any CPU
		{BA84D611-1390-4D4A-8C2D-5544DEDA9B59}.Release|x64.Build.0 = Release|Any CPU
		{BA84D611-1390-4D4A-8C2D-5544DEDA9B59}.Release|x86.ActiveCfg = Release|Any CPU
		{BA84D611-1390-4D4A-8C2D-5544DEDA9B59}.Release|x86.Build.0 = Release|Any CPU
		{2B79BB35-2017-43FB-AB86-13A7BD527E17}.Debug|Any CPU.ActiveCfg = Debug|Any CPU
		{2B79BB35-2017-43FB-AB86-13A7BD527E17}.Debug|Any CPU.Build.0 = Debug|Any CPU
		{2B79BB35-2017-43FB-AB86-13A7BD527E17}.Debug|x64.ActiveCfg = Debug|Any CPU
		{2B79BB35-2017-43FB-AB86-13A7BD527E17}.Debug|x64.Build.0 = Debug|Any CPU
		{2B79BB35-2017-43FB-AB86-13A7BD527E17}.Debug|x86.ActiveCfg = Debug|Any CPU
		{2B79BB35-2017-43FB-AB86-13A7BD527E17}.Debug|x86.Build.0 = Debug|Any CPU
		{2B79BB35-2017-43FB-AB86-13A7BD527E17}.Release|Any CPU.ActiveCfg = Release|Any CPU
		{2B79BB35-2017-43FB-AB86-13A7BD527E17}.Release|Any CPU.Build.0 = Release|Any CPU
		{2B79BB35-2017-43FB-AB86-13A7BD527E17}.Release|x64.ActiveCfg = Release|Any CPU
		{2B79BB35-2017-43FB-AB86-13A7BD527E17}.Release|x64.Build.0 = Release|Any CPU
		{2B79BB35-2017-43FB-AB86-13A7BD527E17}.Release|x86.ActiveCfg = Release|Any CPU
		{2B79BB35-2017-43FB-AB86-13A7BD527E17}.Release|x86.Build.0 = Release|Any CPU
		{E84B7EDB-1FDE-408E-B6A1-06F89D76DD9C}.Debug|Any CPU.ActiveCfg = Debug|Any CPU
		{E84B7EDB-1FDE-408E-B6A1-06F89D76DD9C}.Debug|Any CPU.Build.0 = Debug|Any CPU
		{E84B7EDB-1FDE-408E-B6A1-06F89D76DD9C}.Debug|x64.ActiveCfg = Debug|Any CPU
		{E84B7EDB-1FDE-408E-B6A1-06F89D76DD9C}.Debug|x64.Build.0 = Debug|Any CPU
		{E84B7EDB-1FDE-408E-B6A1-06F89D76DD9C}.Debug|x86.ActiveCfg = Debug|Any CPU
		{E84B7EDB-1FDE-408E-B6A1-06F89D76DD9C}.Debug|x86.Build.0 = Debug|Any CPU
		{E84B7EDB-1FDE-408E-B6A1-06F89D76DD9C}.Release|Any CPU.ActiveCfg = Release|Any CPU
		{E84B7EDB-1FDE-408E-B6A1-06F89D76DD9C}.Release|Any CPU.Build.0 = Release|Any CPU
		{E84B7EDB-1FDE-408E-B6A1-06F89D76DD9C}.Release|x64.ActiveCfg = Release|Any CPU
		{E84B7EDB-1FDE-408E-B6A1-06F89D76DD9C}.Release|x64.Build.0 = Release|Any CPU
		{E84B7EDB-1FDE-408E-B6A1-06F89D76DD9C}.Release|x86.ActiveCfg = Release|Any CPU
		{E84B7EDB-1FDE-408E-B6A1-06F89D76DD9C}.Release|x86.Build.0 = Release|Any CPU
		{7F01F315-8F23-4335-97A0-070808C36A9D}.Debug|Any CPU.ActiveCfg = Debug|Any CPU
		{7F01F315-8F23-4335-97A0-070808C36A9D}.Debug|Any CPU.Build.0 = Debug|Any CPU
		{7F01F315-8F23-4335-97A0-070808C36A9D}.Debug|x64.ActiveCfg = Debug|Any CPU
		{7F01F315-8F23-4335-97A0-070808C36A9D}.Debug|x64.Build.0 = Debug|Any CPU
		{7F01F315-8F23-4335-97A0-070808C36A9D}.Debug|x86.ActiveCfg = Debug|Any CPU
		{7F01F315-8F23-4335-97A0-070808C36A9D}.Debug|x86.Build.0 = Debug|Any CPU
		{7F01F315-8F23-4335-97A0-070808C36A9D}.Release|Any CPU.ActiveCfg = Release|Any CPU
		{7F01F315-8F23-4335-97A0-070808C36A9D}.Release|Any CPU.Build.0 = Release|Any CPU
		{7F01F315-8F23-4335-97A0-070808C36A9D}.Release|x64.ActiveCfg = Release|Any CPU
		{7F01F315-8F23-4335-97A0-070808C36A9D}.Release|x64.Build.0 = Release|Any CPU
		{7F01F315-8F23-4335-97A0-070808C36A9D}.Release|x86.ActiveCfg = Release|Any CPU
		{7F01F315-8F23-4335-97A0-070808C36A9D}.Release|x86.Build.0 = Release|Any CPU
		{138614E4-00B1-4186-85FE-218A687770FA}.Debug|Any CPU.ActiveCfg = Debug|Any CPU
		{138614E4-00B1-4186-85FE-218A687770FA}.Debug|Any CPU.Build.0 = Debug|Any CPU
		{138614E4-00B1-4186-85FE-218A687770FA}.Debug|x64.ActiveCfg = Debug|Any CPU
		{138614E4-00B1-4186-85FE-218A687770FA}.Debug|x64.Build.0 = Debug|Any CPU
		{138614E4-00B1-4186-85FE-218A687770FA}.Debug|x86.ActiveCfg = Debug|Any CPU
		{138614E4-00B1-4186-85FE-218A687770FA}.Debug|x86.Build.0 = Debug|Any CPU
		{138614E4-00B1-4186-85FE-218A687770FA}.Release|Any CPU.ActiveCfg = Release|Any CPU
		{138614E4-00B1-4186-85FE-218A687770FA}.Release|Any CPU.Build.0 = Release|Any CPU
		{138614E4-00B1-4186-85FE-218A687770FA}.Release|x64.ActiveCfg = Release|Any CPU
		{138614E4-00B1-4186-85FE-218A687770FA}.Release|x64.Build.0 = Release|Any CPU
		{138614E4-00B1-4186-85FE-218A687770FA}.Release|x86.ActiveCfg = Release|Any CPU
		{138614E4-00B1-4186-85FE-218A687770FA}.Release|x86.Build.0 = Release|Any CPU
		{43480BC8-C2E7-4985-8D09-02042BFFD457}.Debug|Any CPU.ActiveCfg = Debug|Any CPU
		{43480BC8-C2E7-4985-8D09-02042BFFD457}.Debug|Any CPU.Build.0 = Debug|Any CPU
		{43480BC8-C2E7-4985-8D09-02042BFFD457}.Debug|x64.ActiveCfg = Debug|Any CPU
		{43480BC8-C2E7-4985-8D09-02042BFFD457}.Debug|x64.Build.0 = Debug|Any CPU
		{43480BC8-C2E7-4985-8D09-02042BFFD457}.Debug|x86.ActiveCfg = Debug|Any CPU
		{43480BC8-C2E7-4985-8D09-02042BFFD457}.Debug|x86.Build.0 = Debug|Any CPU
		{43480BC8-C2E7-4985-8D09-02042BFFD457}.Release|Any CPU.ActiveCfg = Release|Any CPU
		{43480BC8-C2E7-4985-8D09-02042BFFD457}.Release|Any CPU.Build.0 = Release|Any CPU
		{43480BC8-C2E7-4985-8D09-02042BFFD457}.Release|x64.ActiveCfg = Release|Any CPU
		{43480BC8-C2E7-4985-8D09-02042BFFD457}.Release|x64.Build.0 = Release|Any CPU
		{43480BC8-C2E7-4985-8D09-02042BFFD457}.Release|x86.ActiveCfg = Release|Any CPU
		{43480BC8-C2E7-4985-8D09-02042BFFD457}.Release|x86.Build.0 = Release|Any CPU
		{FEEE6F3C-E5C2-4259-AAEA-843EB276EA38}.Debug|Any CPU.ActiveCfg = Debug|Any CPU
		{FEEE6F3C-E5C2-4259-AAEA-843EB276EA38}.Debug|Any CPU.Build.0 = Debug|Any CPU
		{FEEE6F3C-E5C2-4259-AAEA-843EB276EA38}.Debug|x64.ActiveCfg = Debug|Any CPU
		{FEEE6F3C-E5C2-4259-AAEA-843EB276EA38}.Debug|x64.Build.0 = Debug|Any CPU
		{FEEE6F3C-E5C2-4259-AAEA-843EB276EA38}.Debug|x86.ActiveCfg = Debug|Any CPU
		{FEEE6F3C-E5C2-4259-AAEA-843EB276EA38}.Debug|x86.Build.0 = Debug|Any CPU
		{FEEE6F3C-E5C2-4259-AAEA-843EB276EA38}.Release|Any CPU.ActiveCfg = Release|Any CPU
		{FEEE6F3C-E5C2-4259-AAEA-843EB276EA38}.Release|Any CPU.Build.0 = Release|Any CPU
		{FEEE6F3C-E5C2-4259-AAEA-843EB276EA38}.Release|x64.ActiveCfg = Release|Any CPU
		{FEEE6F3C-E5C2-4259-AAEA-843EB276EA38}.Release|x64.Build.0 = Release|Any CPU
		{FEEE6F3C-E5C2-4259-AAEA-843EB276EA38}.Release|x86.ActiveCfg = Release|Any CPU
		{FEEE6F3C-E5C2-4259-AAEA-843EB276EA38}.Release|x86.Build.0 = Release|Any CPU
	EndGlobalSection
	GlobalSection(SolutionProperties) = preSolution
		HideSolutionNode = FALSE
	EndGlobalSection
	GlobalSection(NestedProjects) = preSolution
		{F41BEAAD-9AE2-4ECA-A290-2CB989118860} = {4E1F5A68-D8B5-4F28-99FB-E3D2DBE8C139}
		{6B9E93C7-F65F-4000-84EB-369B58367F91} = {4E1F5A68-D8B5-4F28-99FB-E3D2DBE8C139}
		{BA84D611-1390-4D4A-8C2D-5544DEDA9B59} = {4E1F5A68-D8B5-4F28-99FB-E3D2DBE8C139}
		{2B79BB35-2017-43FB-AB86-13A7BD527E17} = {4E1F5A68-D8B5-4F28-99FB-E3D2DBE8C139}
		{E84B7EDB-1FDE-408E-B6A1-06F89D76DD9C} = {4E1F5A68-D8B5-4F28-99FB-E3D2DBE8C139}
		{7F01F315-8F23-4335-97A0-070808C36A9D} = {4E1F5A68-D8B5-4F28-99FB-E3D2DBE8C139}
		{138614E4-00B1-4186-85FE-218A687770FA} = {4E1F5A68-D8B5-4F28-99FB-E3D2DBE8C139}
		{43480BC8-C2E7-4985-8D09-02042BFFD457} = {4E1F5A68-D8B5-4F28-99FB-E3D2DBE8C139}
	EndGlobalSection
EndGlobal
